
Microsoft Visual Studio Solution File, Format Version 9.00
# Visual Studio 2005
Project("{F184B08F-C81C-45F6-A57F-5ABD9991F28F}") = "FTPLibraryTest", "Test\FTPLibraryTest.vbproj", "{2708E616-42A6-499D-9004-B605C5750A46}"
EndProject
Project("{F184B08F-C81C-45F6-A57F-5ABD9991F28F}") = "FTPLibrary", "FTPClient\FTPLibrary.vbproj", "{9E59E84A-F220-4F14-8217-3C16920D2F9B}"
EndProject
Global
	GlobalSection(SolutionConfigurationPlatforms) = preSolution
		Debug|Any CPU = Debug|Any CPU
		Release|Any CPU = Release|Any CPU
	EndGlobalSection
	GlobalSection(ProjectConfigurationPlatforms) = postSolution
		{2708E616-42A6-499D-9004-B605C5750A46}.Debug|Any CPU.ActiveCfg = Debug|Any CPU
		{2708E616-42A6-499D-9004-B605C5750A46}.Debug|Any CPU.Build.0 = Debug|Any CPU
		{2708E616-42A6-499D-9004-B605C5750A46}.Release|Any CPU.ActiveCfg = Release|Any CPU
		{2708E616-42A6-499D-9004-B605C5750A46}.Release|Any CPU.Build.0 = Release|Any CPU
		{9E59E84A-F220-4F14-8217-3C16920D2F9B}.Debug|Any CPU.ActiveCfg = Debug|Any CPU
		{9E59E84A-F220-4F14-8217-3C16920D2F9B}.Debug|Any CPU.Build.0 = Debug|Any CPU
		{9E59E84A-F220-4F14-8217-3C16920D2F9B}.Release|Any CPU.ActiveCfg = Release|Any CPU
		{9E59E84A-F220-4F14-8217-3C16920D2F9B}.Release|Any CPU.Build.0 = Release|Any CPU
	EndGlobalSection
	GlobalSection(SolutionProperties) = preSolution
		HideSolutionNode = FALSE
	EndGlobalSection
EndGlobal
